<?xml version="1.0" encoding="utf-8"?>
<Project ToolsVersion="4.0" xmlns="http://schemas.microsoft.com/developer/msbuild/2003">
  <ItemGroup>
    <Filter Include="include">
      <UniqueIdentifier>{E1AE1C31-8A36-4843-944F-E1B3C64CC5CC}</UniqueIdentifier>
    </Filter>
    <Filter Include="include\AK">
      <UniqueIdentifier>{89C842CF-D8AB-8545-B38F-DC9DB7473DEF}</UniqueIdentifier>
    </Filter>
    <Filter Include="include\AK\Plugin">
      <UniqueIdentifier>{EAF3BDBE-051D-0F4C-98C3-7BC9E012AAA2}</UniqueIdentifier>
    </Filter>
    <Filter Include="include\AK\DSP">
      <UniqueIdentifier>{C1A27760-1000-2842-9D21-B8785056DA8F}</UniqueIdentifier>
    </Filter>
    <Filter Include="include\AK\Plugin\PluginServices">
      <UniqueIdentifier>{B713366A-5193-FA49-A6FC-07BE1ED5222B}</UniqueIdentifier>
    </Filter>
    <Filter Include="DSP">
      <UniqueIdentifier>{C1BE86B2-69D9-4647-B88B-4FC45EC6E541}</UniqueIdentifier>
    </Filter>
  </ItemGroup>
  <ItemGroup>
    <ClInclude Include="..\AkFXSrcSine.h" />
    <ClInclude Include="..\AkFXSrcSineParams.h" />
    <ClInclude Include="..\..\..\..\..\..\include\AK\Plugin\AkSineSourceFactory.h">
      <Filter>include\AK\Plugin</Filter>
    </ClInclude>
    <ClInclude Include="..\..\..\..\..\..\include\AK\DSP\AkApplyGain.h">
      <Filter>include\AK\DSP</Filter>
    </ClInclude>
    <ClInclude Include="..\..\..\..\..\..\include\AK\Plugin\PluginServices\AkFXDurationHandler.h">
      <Filter>include\AK\Plugin\PluginServices</Filter>
    </ClInclude>
    <ClInclude Include="..\..\..\..\..\..\include\AK\Plugin\PluginServices\AkFXParameterChangeHandler.h">
      <Filter>include\AK\Plugin\PluginServices</Filter>
    </ClInclude>
    <ClInclude Include="..\..\..\..\..\DSP\AkSineOsc.h">
      <Filter>DSP</Filter>
    </ClInclude>
  </ItemGroup>
  <ItemGroup>
    <ClCompile Include="..\AkFXSrcSine.cpp" />
    <ClCompile Include="..\AkFXSrcSineParams.cpp" />
    <ClCompile Include="..\..\..\..\..\DSP\AkSineOsc.cpp">
      <Filter>DSP</Filter>
    </ClCompile>
  </ItemGroup>
</Project>
