<?xml version="1.0" encoding="utf-8"?>
<Project ToolsVersion="4.0" xmlns="http://schemas.microsoft.com/developer/msbuild/2003">
  <ItemGroup>
    <Filter Include="Source Files">
      <UniqueIdentifier>{FC53EBCF-DCE9-42bf-B3A8-DC1547CE13B7}</UniqueIdentifier>
      <Extensions>cpp;c;cxx;def;odl;idl;hpj;bat;asm;asmx</Extensions>
    </Filter>
    <Filter Include="Header Files">
      <UniqueIdentifier>{A692B995-BB53-4cd9-A473-CC3BA3A15FEF}</UniqueIdentifier>
      <Extensions>h;hpp;hxx;hm;inl;inc;xsd</Extensions>
    </Filter>
    <Filter Include="Resource Files">
      <UniqueIdentifier>{10FC29BF-BEAC-46c8-A26A-F060141C7EE0}</UniqueIdentifier>
      <Extensions>rc;ico;cur;bmp;dlg;rc2;rct;bin;rgs;gif;jpg;jpeg;jpe;resx</Extensions>
    </Filter>
    <Filter Include="XML">
      <UniqueIdentifier>{0104e47f-d54b-429e-bd5f-ba70dede2294}</UniqueIdentifier>
    </Filter>
    <Filter Include="Help">
      <UniqueIdentifier>{d6460483-ada0-4b76-b371-034202d794f3}</UniqueIdentifier>
    </Filter>
    <Filter Include="SampleMic">
      <UniqueIdentifier>{beaed623-28db-45c7-aa16-3157c3958221}</UniqueIdentifier>
    </Filter>
  </ItemGroup>
  <ItemGroup>
    <ClCompile Include="AudioInput.cpp">
      <Filter>Source Files</Filter>
    </ClCompile>
    <ClCompile Include="AudioInputPlugin.cpp">
      <Filter>Source Files</Filter>
    </ClCompile>
    <ClCompile Include="stdafx.cpp">
      <Filter>Source Files</Filter>
    </ClCompile>
    <ClCompile Include="..\..\..\..\IntegrationDemo\Windows\SoundInput.cpp">
      <Filter>SampleMic</Filter>
    </ClCompile>
    <ClCompile Include="..\..\..\..\IntegrationDemo\Common\SoundInputBase.cpp">
      <Filter>SampleMic</Filter>
    </ClCompile>
    <ClCompile Include="..\..\..\..\IntegrationDemo\Windows\SoundInputMgr.cpp">
      <Filter>SampleMic</Filter>
    </ClCompile>
    <ClCompile Include="..\..\..\..\IntegrationDemo\Common\SoundInputMgrBase.cpp">
      <Filter>SampleMic</Filter>
    </ClCompile>
  </ItemGroup>
  <ItemGroup>
    <None Include="AudioInput.def">
      <Filter>Source Files</Filter>
    </None>
  </ItemGroup>
  <ItemGroup>
    <ClInclude Include="AudioInput.h">
      <Filter>Header Files</Filter>
    </ClInclude>
    <ClInclude Include="AudioInputPlugin.h">
      <Filter>Header Files</Filter>
    </ClInclude>
    <ClInclude Include="resource.h">
      <Filter>Header Files</Filter>
    </ClInclude>
    <ClInclude Include="stdafx.h">
      <Filter>Header Files</Filter>
    </ClInclude>
    <ClInclude Include="Help\TopicAlias.h">
      <Filter>Help</Filter>
    </ClInclude>
    <ClInclude Include="..\..\..\..\IntegrationDemo\Windows\SoundInput.h">
      <Filter>SampleMic</Filter>
    </ClInclude>
    <ClInclude Include="..\..\..\..\IntegrationDemo\Common\SoundInputBase.h">
      <Filter>SampleMic</Filter>
    </ClInclude>
    <ClInclude Include="..\..\..\..\IntegrationDemo\Windows\SoundInputMgr.h">
      <Filter>SampleMic</Filter>
    </ClInclude>
    <ClInclude Include="..\..\..\..\IntegrationDemo\Common\SoundInputMgrBase.h">
      <Filter>SampleMic</Filter>
    </ClInclude>
  </ItemGroup>
  <ItemGroup>
    <ResourceCompile Include="AudioInput.rc">
      <Filter>Resource Files</Filter>
    </ResourceCompile>
  </ItemGroup>
  <ItemGroup>
    <CustomBuild Include="res\AkAudioInput.xml" />
  </ItemGroup>
</Project>