<?xml version="1.0" encoding="utf-8"?>
<Project ToolsVersion="4.0" xmlns="http://schemas.microsoft.com/developer/msbuild/2003">
  <ItemGroup>
    <Filter Include="XML">
      <UniqueIdentifier>{3b511533-450a-4aee-9f75-bf479006c280}</UniqueIdentifier>
    </Filter>
    <Filter Include="Resources Files">
      <UniqueIdentifier>{daa97e95-fe73-4a87-b308-5b5e7dcaa667}</UniqueIdentifier>
    </Filter>
    <Filter Include="Sources Files">
      <UniqueIdentifier>{925337c8-cc01-4d62-a884-9f7f884edf83}</UniqueIdentifier>
    </Filter>
    <Filter Include="Header Files">
      <UniqueIdentifier>{a2c4e03f-7d12-425f-916d-513103fc4291}</UniqueIdentifier>
    </Filter>
    <Filter Include="Help">
      <UniqueIdentifier>{1e818463-fcd1-4885-99fe-ce03485493b7}</UniqueIdentifier>
    </Filter>
  </ItemGroup>
  <ItemGroup>
    <ResourceCompile Include="AkDelay.rc">
      <Filter>Resources Files</Filter>
    </ResourceCompile>
  </ItemGroup>
  <ItemGroup>
    <ClCompile Include="AkDelay.cpp">
      <Filter>Sources Files</Filter>
    </ClCompile>
    <ClCompile Include="DelayPlugin.cpp">
      <Filter>Sources Files</Filter>
    </ClCompile>
    <ClCompile Include="stdafx.cpp">
      <Filter>Sources Files</Filter>
    </ClCompile>
  </ItemGroup>
  <ItemGroup>
    <None Include="AkDelay.def">
      <Filter>Sources Files</Filter>
    </None>
  </ItemGroup>
  <ItemGroup>
    <ClInclude Include="AkDelay.h">
      <Filter>Header Files</Filter>
    </ClInclude>
    <ClInclude Include="DelayPlugin.h">
      <Filter>Header Files</Filter>
    </ClInclude>
    <ClInclude Include="resource.h">
      <Filter>Header Files</Filter>
    </ClInclude>
    <ClInclude Include="stdafx.h">
      <Filter>Header Files</Filter>
    </ClInclude>
    <ClInclude Include="Help\TopicAlias.h">
      <Filter>Help</Filter>
    </ClInclude>
  </ItemGroup>
  <ItemGroup>
    <CustomBuild Include="res\AkDelay.xml">
      <Filter>XML</Filter>
    </CustomBuild>
  </ItemGroup>
</Project>