<?xml version="1.0" encoding="utf-8"?>
<Project ToolsVersion="4.0" xmlns="http://schemas.microsoft.com/developer/msbuild/2003">
  <ItemGroup>
    <Filter Include="res">
      <UniqueIdentifier>{41228ECB-A98A-B94D-8150-E974C763FF4F}</UniqueIdentifier>
    </Filter>
    <Filter Include="Authoring">
      <UniqueIdentifier>{501A2CA1-C12D-9F4E-89E2-105C3EF85EE3}</UniqueIdentifier>
    </Filter>
    <Filter Include="Authoring\source">
      <UniqueIdentifier>{1EB97497-03C7-8045-AA6B-6A8B81597F7A}</UniqueIdentifier>
    </Filter>
    <Filter Include="Authoring\source\3rdParty">
      <UniqueIdentifier>{92DEB90D-231C-B34F-96FB-62AAABBD3E3A}</UniqueIdentifier>
    </Filter>
    <Filter Include="Authoring\source\3rdParty\Subversion">
      <UniqueIdentifier>{B10FA9F7-381C-8047-BC2A-B3C76B6821F9}</UniqueIdentifier>
    </Filter>
    <Filter Include="Authoring\source\3rdParty\Subversion\X64">
      <UniqueIdentifier>{9876FE04-B3DC-7C45-AD44-4954D3DFEEAB}</UniqueIdentifier>
    </Filter>
    <Filter Include="Authoring\source\3rdParty\Subversion\X64\debug">
      <UniqueIdentifier>{A6ABB6B0-EA92-EE40-9F0E-B61D0596AEAB}</UniqueIdentifier>
    </Filter>
    <Filter Include="Authoring\source\3rdParty\Subversion\X64\debug\bin">
      <UniqueIdentifier>{8E7C56DE-AAC6-F546-9AFD-86FA525C62D2}</UniqueIdentifier>
    </Filter>
    <Filter Include="Authoring\source\3rdParty\Subversion\X64\release">
      <UniqueIdentifier>{6F8D2B58-E464-0944-ABF2-326BD19762FE}</UniqueIdentifier>
    </Filter>
    <Filter Include="Authoring\source\3rdParty\Subversion\X64\release\bin">
      <UniqueIdentifier>{EBEEE444-6655-0C41-9832-1A399254051F}</UniqueIdentifier>
    </Filter>
    <Filter Include="Common">
      <UniqueIdentifier>{0EF42379-4827-6D41-8F80-27EC971D6E82}</UniqueIdentifier>
    </Filter>
  </ItemGroup>
  <ItemGroup>
    <None Include="res\Subversion.rc2">
      <Filter>res</Filter>
    </None>
    <None Include="Subversion.def" />
  </ItemGroup>
  <ItemGroup>
    <ClInclude Include="DlgCommitMessage.h" />
    <ClInclude Include="DlgConfiguration.h" />
    <ClInclude Include="DlgLockMessage.h" />
    <ClInclude Include="DlgOnCreateModify.h" />
    <ClInclude Include="DlgRename.h" />
    <ClInclude Include="resource.h" />
    <ClInclude Include="stdafx.h" />
    <ClInclude Include="Subversion.h" />
    <ClInclude Include="SubversionPool.h" />
    <ClInclude Include="SubversionSourceControl.h" />
    <ClInclude Include="..\Common\OperationResults.h">
      <Filter>Common</Filter>
    </ClInclude>
    <ClInclude Include="..\Common\SourceControlHelpers.h">
      <Filter>Common</Filter>
    </ClInclude>
  </ItemGroup>
  <ItemGroup>
    <ClCompile Include="DlgCommitMessage.cpp" />
    <ClCompile Include="DlgConfiguration.cpp" />
    <ClCompile Include="DlgLockMessage.cpp" />
    <ClCompile Include="DlgOnCreateModify.cpp" />
    <ClCompile Include="DlgRename.cpp" />
    <ClCompile Include="DllInterface.cpp" />
    <ClCompile Include="stdafx.cpp" />
    <ClCompile Include="Subversion.cpp" />
    <ClCompile Include="SubversionPool.cpp" />
    <ClCompile Include="SubversionSourceControl.cpp" />
    <ClCompile Include="..\Common\OperationResults.cpp">
      <Filter>Common</Filter>
    </ClCompile>
    <ClCompile Include="..\Common\SourceControlHelpers.cpp">
      <Filter>Common</Filter>
    </ClCompile>
  </ItemGroup>
  <ItemGroup>
    <ResourceCompile Include="Subversion.rc" />
  </ItemGroup>
</Project>
