<?xml version="1.0" encoding="utf-8"?>
<Project ToolsVersion="4.0" xmlns="http://schemas.microsoft.com/developer/msbuild/2003">
  <ItemGroup>
    <Filter Include="res">
      <UniqueIdentifier>{BEA352DA-5A11-D34D-BEA5-DB72B88B3695}</UniqueIdentifier>
    </Filter>
    <Filter Include="Common">
      <UniqueIdentifier>{F8BF7091-B47C-C34E-ABA4-C5677B69612D}</UniqueIdentifier>
    </Filter>
  </ItemGroup>
  <ItemGroup>
    <None Include="res\SourceControlSample.rc2">
      <Filter>res</Filter>
    </None>
    <None Include="SourceControlSample.def" />
  </ItemGroup>
  <ItemGroup>
    <ClInclude Include="DlgConfiguration.h" />
    <ClInclude Include="resource.h" />
    <ClInclude Include="SamplePlugin.h" />
    <ClInclude Include="SourceControlSample.h" />
    <ClInclude Include="stdafx.h" />
    <ClInclude Include="..\Common\OperationResults.h">
      <Filter>Common</Filter>
    </ClInclude>
    <ClInclude Include="..\Common\SourceControlHelpers.h">
      <Filter>Common</Filter>
    </ClInclude>
  </ItemGroup>
  <ItemGroup>
    <ClCompile Include="DlgConfiguration.cpp" />
    <ClCompile Include="DllInterface.cpp" />
    <ClCompile Include="SamplePlugin.cpp" />
    <ClCompile Include="SourceControlSample.cpp" />
    <ClCompile Include="stdafx.cpp" />
    <ClCompile Include="..\Common\OperationResults.cpp">
      <Filter>Common</Filter>
    </ClCompile>
    <ClCompile Include="..\Common\SourceControlHelpers.cpp">
      <Filter>Common</Filter>
    </ClCompile>
  </ItemGroup>
  <ItemGroup>
    <ResourceCompile Include="SourceControlSample.rc" />
  </ItemGroup>
</Project>
