<?xml version="1.0" encoding="utf-8"?>
<Project ToolsVersion="4.0" xmlns="http://schemas.microsoft.com/developer/msbuild/2003">
  <ItemGroup>
    <Filter Include="include">
      <UniqueIdentifier>{A1A1074D-367E-7449-B2A5-33608E46A029}</UniqueIdentifier>
    </Filter>
    <Filter Include="include\AK">
      <UniqueIdentifier>{1867EFDD-CD42-3449-888A-18DFAABE228E}</UniqueIdentifier>
    </Filter>
    <Filter Include="include\AK\Plugin">
      <UniqueIdentifier>{E4CCE597-4F6E-2C40-B375-84285111A611}</UniqueIdentifier>
    </Filter>
    <Filter Include="include\AK\Plugin\PluginServices">
      <UniqueIdentifier>{8ACA2D47-81CF-6C4D-977B-E579F0CF4558}</UniqueIdentifier>
    </Filter>
  </ItemGroup>
  <ItemGroup>
    <ClInclude Include="..\AkLpFilter.h" />
    <ClInclude Include="..\AkToneGen.h" />
    <ClInclude Include="..\AkToneGenParams.h" />
    <ClInclude Include="..\AkWaveTables.h" />
    <ClInclude Include="..\..\..\..\..\..\include\AK\Plugin\AkToneSourceFactory.h">
      <Filter>include\AK\Plugin</Filter>
    </ClInclude>
    <ClInclude Include="..\..\..\..\..\..\include\AK\Plugin\PluginServices\AkValueRamp.h">
      <Filter>include\AK\Plugin\PluginServices</Filter>
    </ClInclude>
  </ItemGroup>
  <ItemGroup>
    <ClCompile Include="..\AkLpFilter.cpp" />
    <ClCompile Include="..\AkToneGen.cpp" />
    <ClCompile Include="..\AkToneGenDSP.cpp" />
    <ClCompile Include="..\AkToneGenParams.cpp" />
  </ItemGroup>
</Project>
