<?xml version="1.0" encoding="utf-8"?>
<Project ToolsVersion="4.0" xmlns="http://schemas.microsoft.com/developer/msbuild/2003">
  <ItemGroup>
    <Filter Include="include">
      <UniqueIdentifier>{085D4935-4FDC-9248-8641-B02C12CB7204}</UniqueIdentifier>
    </Filter>
    <Filter Include="include\AK">
      <UniqueIdentifier>{B1677750-B50E-574F-9F59-3D15E3EAF475}</UniqueIdentifier>
    </Filter>
    <Filter Include="include\AK\Plugin">
      <UniqueIdentifier>{F80F7B2B-FE8C-9B47-B142-046C799E1C24}</UniqueIdentifier>
    </Filter>
    <Filter Include="include\AK\Plugin\PluginServices">
      <UniqueIdentifier>{B0A7D30E-EEB7-FC46-8852-FE1716E72996}</UniqueIdentifier>
    </Filter>
  </ItemGroup>
  <ItemGroup>
    <ClInclude Include="..\AkFXSrcAudioInput.h" />
    <ClInclude Include="..\AkFXSrcAudioInputParams.h" />
    <ClInclude Include="..\..\..\..\..\..\include\AK\Plugin\AkAudioInputSourceFactory.h">
      <Filter>include\AK\Plugin</Filter>
    </ClInclude>
    <ClInclude Include="..\..\..\..\..\..\include\AK\Plugin\PluginServices\AkValueRamp.h">
      <Filter>include\AK\Plugin\PluginServices</Filter>
    </ClInclude>
  </ItemGroup>
  <ItemGroup>
    <ClCompile Include="..\AkFXSrcAudioInput.cpp" />
    <ClCompile Include="..\AkFXSrcAudioInputParams.cpp" />
  </ItemGroup>
</Project>
